
Microsoft Visual Studio Solution File, Format Version 11.00
# Visual Studio 2010
Project("{FAE04EC0-301F-11D3-BF4B-00C04F79EFBC}") = "WindowsFormsApplication3", "WindowsFormsApplication3\WindowsFormsApplication3.csproj", "{CC27A3FE-4A97-4C59-8BF4-E0930B5DFB78}"
EndProject
Global
	GlobalSection(SolutionConfigurationPlatforms) = preSolution
		Debug|x86 = Debug|x86
		Release|x86 = Release|x86
	EndGlobalSection
	GlobalSection(ProjectConfigurationPlatforms) = postSolution
		{CC27A3FE-4A97-4C59-8BF4-E0930B5DFB78}.Debug|x86.ActiveCfg = Debug|x86
		{CC27A3FE-4A97-4C59-8BF4-E0930B5DFB78}.Debug|x86.Build.0 = Debug|x86
		{CC27A3FE-4A97-4C59-8BF4-E0930B5DFB78}.Release|x86.ActiveCfg = Release|x86
		{CC27A3FE-4A97-4C59-8BF4-E0930B5DFB78}.Release|x86.Build.0 = Release|x86
	EndGlobalSection
	GlobalSection(SolutionProperties) = preSolution
		HideSolutionNode = FALSE
	EndGlobalSection
EndGlobal
