
Microsoft Visual Studio Solution File, Format Version 11.00
# Visual Studio 2010
Project("{FAE04EC0-301F-11D3-BF4B-00C04F79EFBC}") = "P3B", "P3B\P3B.csproj", "{47EBFF1D-0550-4EDC-BE5D-89E04A9557AE}"
EndProject
Global
	GlobalSection(SolutionConfigurationPlatforms) = preSolution
		Debug|Any CPU = Debug|Any CPU
		Release|Any CPU = Release|Any CPU
	EndGlobalSection
	GlobalSection(ProjectConfigurationPlatforms) = postSolution
		{47EBFF1D-0550-4EDC-BE5D-89E04A9557AE}.Debug|Any CPU.ActiveCfg = Debug|Any CPU
		{47EBFF1D-0550-4EDC-BE5D-89E04A9557AE}.Debug|Any CPU.Build.0 = Debug|Any CPU
		{47EBFF1D-0550-4EDC-BE5D-89E04A9557AE}.Release|Any CPU.ActiveCfg = Release|Any CPU
		{47EBFF1D-0550-4EDC-BE5D-89E04A9557AE}.Release|Any CPU.Build.0 = Release|Any CPU
	EndGlobalSection
	GlobalSection(SolutionProperties) = preSolution
		HideSolutionNode = FALSE
	EndGlobalSection
EndGlobal
